
Microsoft Visual Studio Solution File, Format Version 11.00
# Visual Studio 2010
Project("{FAE04EC0-301F-11D3-BF4B-00C04F79EFBC}") = "SimpleBrowser.Mono", "SimpleBrowser\SimpleBrowser.Mono.csproj", "{041EB5E9-DE14-41BA-B59D-F77612578CD6}"
EndProject
Project("{FAE04EC0-301F-11D3-BF4B-00C04F79EFBC}") = "SimpleBrowser.UnitTests.Mono", "SimpleBrowser.UnitTests\SimpleBrowser.UnitTests.Mono.csproj", "{C0A2F5F6-088D-44E8-BBE3-400A8F84C0D3}"
EndProject
Project("{2150E333-8FDC-42A3-9474-1A3956D46DE8}") = ".nuget", ".nuget", "{7C5CA587-1761-43E7-87E5-D7EB62CE2F00}"
	ProjectSection(SolutionItems) = preProject
		.nuget\NuGet.exe = .nuget\NuGet.exe
		.nuget\NuGet.targets = .nuget\NuGet.targets
	EndProjectSection
EndProject
Project("{FAE04EC0-301F-11D3-BF4B-00C04F79EFBC}") = "Sample.Mono", "Sample\Sample.Mono.csproj", "{D93C1274-E16C-4424-9E3A-28BC0F4A4899}"
EndProject
Global
	GlobalSection(SolutionConfigurationPlatforms) = preSolution
		Debug|Any CPU = Debug|Any CPU
		Debug|Mixed Platforms = Debug|Mixed Platforms
		Debug|x86 = Debug|x86
		Release|Any CPU = Release|Any CPU
		Release|Mixed Platforms = Release|Mixed Platforms
		Release|x86 = Release|x86
	EndGlobalSection
	GlobalSection(ProjectConfigurationPlatforms) = postSolution
		{041EB5E9-DE14-41BA-B59D-F77612578CD6}.Debug|Any CPU.ActiveCfg = Debug|Any CPU
		{041EB5E9-DE14-41BA-B59D-F77612578CD6}.Debug|Any CPU.Build.0 = Debug|Any CPU
		{041EB5E9-DE14-41BA-B59D-F77612578CD6}.Debug|Mixed Platforms.ActiveCfg = Debug|Any CPU
		{041EB5E9-DE14-41BA-B59D-F77612578CD6}.Debug|Mixed Platforms.Build.0 = Debug|Any CPU
		{041EB5E9-DE14-41BA-B59D-F77612578CD6}.Debug|x86.ActiveCfg = Debug|Any CPU
		{041EB5E9-DE14-41BA-B59D-F77612578CD6}.Release|Any CPU.ActiveCfg = Release|Any CPU
		{041EB5E9-DE14-41BA-B59D-F77612578CD6}.Release|Any CPU.Build.0 = Release|Any CPU
		{041EB5E9-DE14-41BA-B59D-F77612578CD6}.Release|Mixed Platforms.ActiveCfg = Release|Any CPU
		{041EB5E9-DE14-41BA-B59D-F77612578CD6}.Release|Mixed Platforms.Build.0 = Release|Any CPU
		{041EB5E9-DE14-41BA-B59D-F77612578CD6}.Release|x86.ActiveCfg = Release|Any CPU
		{C0A2F5F6-088D-44E8-BBE3-400A8F84C0D3}.Debug|Any CPU.ActiveCfg = Debug|Any CPU
		{C0A2F5F6-088D-44E8-BBE3-400A8F84C0D3}.Debug|Any CPU.Build.0 = Debug|Any CPU
		{C0A2F5F6-088D-44E8-BBE3-400A8F84C0D3}.Debug|Mixed Platforms.ActiveCfg = Debug|Any CPU
		{C0A2F5F6-088D-44E8-BBE3-400A8F84C0D3}.Debug|Mixed Platforms.Build.0 = Debug|Any CPU
		{C0A2F5F6-088D-44E8-BBE3-400A8F84C0D3}.Debug|x86.ActiveCfg = Debug|Any CPU
		{C0A2F5F6-088D-44E8-BBE3-400A8F84C0D3}.Release|Any CPU.ActiveCfg = Release|Any CPU
		{C0A2F5F6-088D-44E8-BBE3-400A8F84C0D3}.Release|Any CPU.Build.0 = Release|Any CPU
		{C0A2F5F6-088D-44E8-BBE3-400A8F84C0D3}.Release|Mixed Platforms.ActiveCfg = Release|Any CPU
		{C0A2F5F6-088D-44E8-BBE3-400A8F84C0D3}.Release|Mixed Platforms.Build.0 = Release|Any CPU
		{C0A2F5F6-088D-44E8-BBE3-400A8F84C0D3}.Release|x86.ActiveCfg = Release|Any CPU
		{D93C1274-E16C-4424-9E3A-28BC0F4A4899}.Debug|Any CPU.ActiveCfg = Debug|Any CPU
		{D93C1274-E16C-4424-9E3A-28BC0F4A4899}.Debug|Any CPU.Build.0 = Debug|Any CPU
		{D93C1274-E16C-4424-9E3A-28BC0F4A4899}.Debug|Mixed Platforms.ActiveCfg = Debug|Any CPU
		{D93C1274-E16C-4424-9E3A-28BC0F4A4899}.Debug|Mixed Platforms.Build.0 = Debug|Any CPU
		{D93C1274-E16C-4424-9E3A-28BC0F4A4899}.Debug|x86.ActiveCfg = Debug|Any CPU
		{D93C1274-E16C-4424-9E3A-28BC0F4A4899}.Debug|x86.Build.0 = Debug|Any CPU
		{D93C1274-E16C-4424-9E3A-28BC0F4A4899}.Release|Any CPU.ActiveCfg = Release|Any CPU
		{D93C1274-E16C-4424-9E3A-28BC0F4A4899}.Release|Any CPU.Build.0 = Release|Any CPU
		{D93C1274-E16C-4424-9E3A-28BC0F4A4899}.Release|Mixed Platforms.ActiveCfg = Release|Any CPU
		{D93C1274-E16C-4424-9E3A-28BC0F4A4899}.Release|Mixed Platforms.Build.0 = Release|Any CPU
		{D93C1274-E16C-4424-9E3A-28BC0F4A4899}.Release|x86.ActiveCfg = Release|Any CPU
		{D93C1274-E16C-4424-9E3A-28BC0F4A4899}.Release|x86.Build.0 = Release|Any CPU
	EndGlobalSection
	GlobalSection(NestedProjects) = preSolution
	EndGlobalSection
	GlobalSection(SolutionProperties) = preSolution
		HideSolutionNode = FALSE
	EndGlobalSection
EndGlobal
